# This file is autogenerated, do not edit; changes may be undone by the next 'dep ensure'.


[[projects]]
  branch = "master"
  digest = "1:ed23b0fe22b8d34044a31853a7d497153c5dfb08332cb997e2b40b8a766ae901"
  name = "github.com/btcsuite/btcd"
  packages = [
    "chaincfg",
    "chaincfg/chainhash",
    "connmgr",
    "wire",
  ]
  pruneopts = "UT"
  revision = "cff30e1d23fc9e800b2b5b4b41ef1817dda07e9f"

[[projects]]
  branch = "master"
  digest = "1:30d4a548e09bca4a0c77317c58e7407e2a65c15325e944f9c08a7b7992f8a59e"
  name = "github.com/btcsuite/btclog"
  packages = ["."]
  pruneopts = "UT"
  revision = "84c8d2346e9fc8c7b947e243b9c24e6df9fd206a"

[[projects]]
  digest = "1:cd7d6fb5b2ce7f7370434d883e538de5e56a6da10409a5d169001cb827f0303a"
  name = "github.com/btcsuite/goleveldb"
  packages = [
    "leveldb/cache",
    "leveldb/comparer",
    "leveldb/errors",
    "leveldb/filter",
    "leveldb/iterator",
    "leveldb/journal",
    "leveldb/memdb",
    "leveldb/opt",
    "leveldb/storage",
    "leveldb/table",
    "leveldb/util",
  ]
  pruneopts = "UT"
  revision = "3fd0373267b6461dbefe91cef614278064d05465"
  version = "v1.0.0"

[[projects]]
  digest = "1:f9bf7ab1aef6d501f1c51179e96d75a75526a85fd0f18bb2b285eaae058df084"
  name = "github.com/btcsuite/snappy-go"
  packages = ["."]
  pruneopts = "UT"
  revision = "b3db38edf0a9a11a115eb6b022d8c946024a9ac0"
  version = "v1.0.0"

[[projects]]
  branch = "database"
  digest = "1:c7dfefb4317ae3b785c66a2b57d4b4fa0f54dc80e6461e9ae0fbde85ddf881a6"
  name = "github.com/hawkit/btcd-demo"
  packages = [
    "chaincfg",
    "chaincfg/chainhash",
    "wire",
  ]
  pruneopts = "UT"
  revision = "5863aeb32d36ac6e3d77d95de1c0335ff410a1ff"

[[projects]]
  branch = "master"
  digest = "1:c396148d9d484ba742b2e6958d01556f6da9f169aeb18f9eda0e99aa605ceb15"
  name = "github.com/hawkit/btclog-demo"
  packages = ["."]
  pruneopts = "UT"
  revision = "ee26ccccd56abe285d57aceb6f18087c5f0250bc"

[[projects]]
  branch = "master"
  digest = "1:f8f83b4a0742d6da44e8a46c358d53b30270053bba7cb92cc493acd4eb26d4eb"
  name = "github.com/hawkit/btcutil-demo"
  packages = ["."]
  pruneopts = "UT"
  revision = "4f5e9b5b44d3c9fcf5c6b66fcd0ffe4d5efcfd2e"

[[projects]]
  branch = "master"
  digest = "1:1e6b2f7aa98b082c30a1303c29a702c369b2ec6d86b74a599bc8bbe2333db299"
  name = "github.com/hawkit/go-socks"
  packages = ["socks"]
  pruneopts = "UT"
  revision = "4720035b7bfd2a9bb130b1c184f8bbe41b6f0d0f"

[[projects]]
  branch = "master"
  digest = "1:3c83459c8197339a5a1d1773de089b877db1483f4857337162230304a5bb3561"
  name = "github.com/hawkit/goleveldb"
  packages = [
    "leveldb",
    "leveldb/errors",
  ]
  pruneopts = "UT"
  revision = "3fd0373267b6461dbefe91cef614278064d05465"

[[projects]]
  digest = "1:a2cff208d4759f6ba1b1cd228587b0a1869f95f22542ec9cd17fff64430113c7"
  name = "github.com/jessevdk/go-flags"
  packages = ["."]
  pruneopts = "UT"
  revision = "c6ca198ec95c841fdb89fc0de7496fed11ab854e"
  version = "v1.4.0"

[[projects]]
  digest = "1:4b6a85c651ea3faa6dfb4e6de5249b602226270b9eb3dfb8f49ec91fa3ef08ff"
  name = "github.com/jrick/logrotate"
  packages = ["rotator"]
  pruneopts = "UT"
  revision = "a93b200c26cbae3bb09dd0dc2c7c7fe1468a034a"
  version = "v1.0.0"

[[projects]]
  digest = "1:40e195917a951a8bf867cd05de2a46aaf1806c50cf92eebf4c16f78cd196f747"
  name = "github.com/pkg/errors"
  packages = ["."]
  pruneopts = "UT"
  revision = "645ef00459ed84a119197bfb8d8205042c6df63d"
  version = "v0.8.0"

[solve-meta]
  analyzer-name = "dep"
  analyzer-version = 1
  input-imports = [
    "github.com/btcsuite/btcd/connmgr",
    "github.com/hawkit/btcd-demo/chaincfg",
    "github.com/hawkit/btcd-demo/chaincfg/chainhash",
    "github.com/hawkit/btclog-demo",
    "github.com/hawkit/btcutil-demo",
    "github.com/hawkit/go-socks/socks",
    "github.com/hawkit/goleveldb/leveldb",
    "github.com/hawkit/goleveldb/leveldb/errors",
    "github.com/jessevdk/go-flags",
    "github.com/jrick/logrotate/rotator",
    "github.com/pkg/errors",
  ]
  solver-name = "gps-cdcl"
  solver-version = 1
