# This file is autogenerated, do not edit; changes may be undone by the next 'dep ensure'.


[[projects]]
  branch = "master"
  digest = "1:4051838507af583d0d7ff76989827856fab13303affbf4b30c68816538d182a2"
  name = "github.com/hawkit/btcutil-demo"
  packages = ["."]
  pruneopts = "UT"
  revision = "3fa176b7db01be26f3f634f34a1eb16f1aa5f06d"

[solve-meta]
  analyzer-name = "dep"
  analyzer-version = 1
  input-imports = ["github.com/hawkit/btcutil-demo"]
  solver-name = "gps-cdcl"
  solver-version = 1
